
Microsoft Visual Studio Solution File, Format Version 12.00
# Visual Studio Version 17
VisualStudioVersion = 17.0.32112.339
MinimumVisualStudioVersion = 10.0.40219.1
Project("{F184B08F-C81C-45F6-A57F-5ABD9991F28F}") = "201801223_tarrea 5", "201801223_tarrea 5.vbproj", "{A68669C4-64E8-42FA-B7A2-77A3BF3A378A}"
EndProject
Global
	GlobalSection(SolutionConfigurationPlatforms) = preSolution
		Debug|Any CPU = Debug|Any CPU
		Release|Any CPU = Release|Any CPU
	EndGlobalSection
	GlobalSection(ProjectConfigurationPlatforms) = postSolution
		{A68669C4-64E8-42FA-B7A2-77A3BF3A378A}.Debug|Any CPU.ActiveCfg = Debug|Any CPU
		{A68669C4-64E8-42FA-B7A2-77A3BF3A378A}.Debug|Any CPU.Build.0 = Debug|Any CPU
		{A68669C4-64E8-42FA-B7A2-77A3BF3A378A}.Release|Any CPU.ActiveCfg = Release|Any CPU
		{A68669C4-64E8-42FA-B7A2-77A3BF3A378A}.Release|Any CPU.Build.0 = Release|Any CPU
	EndGlobalSection
	GlobalSection(SolutionProperties) = preSolution
		HideSolutionNode = FALSE
	EndGlobalSection
	GlobalSection(ExtensibilityGlobals) = postSolution
		SolutionGuid = {BCEEE92B-A182-4743-822F-615BD81AF0D4}
	EndGlobalSection
EndGlobal
